
Microsoft Visual Studio Solution File, Format Version 12.00
# Visual Studio Version 17
VisualStudioVersion = 17.2.32526.322
MinimumVisualStudioVersion = 10.0.40219.1
Project("{FAE04EC0-301F-11D3-BF4B-00C04F79EFBC}") = "LoppushokSpeed", "LoppushokSpeed\LoppushokSpeed.csproj", "{A67E6692-09D1-4B4D-87CA-AAEE2B5DECDE}"
EndProject
Global
	GlobalSection(SolutionConfigurationPlatforms) = preSolution
		Debug|Any CPU = Debug|Any CPU
		Release|Any CPU = Release|Any CPU
	EndGlobalSection
	GlobalSection(ProjectConfigurationPlatforms) = postSolution
		{A67E6692-09D1-4B4D-87CA-AAEE2B5DECDE}.Debug|Any CPU.ActiveCfg = Debug|Any CPU
		{A67E6692-09D1-4B4D-87CA-AAEE2B5DECDE}.Debug|Any CPU.Build.0 = Debug|Any CPU
		{A67E6692-09D1-4B4D-87CA-AAEE2B5DECDE}.Release|Any CPU.ActiveCfg = Release|Any CPU
		{A67E6692-09D1-4B4D-87CA-AAEE2B5DECDE}.Release|Any CPU.Build.0 = Release|Any CPU
	EndGlobalSection
	GlobalSection(SolutionProperties) = preSolution
		HideSolutionNode = FALSE
	EndGlobalSection
	GlobalSection(ExtensibilityGlobals) = postSolution
		SolutionGuid = {E6A2A4F9-33CE-43FA-8DFA-3339274D09BD}
	EndGlobalSection
EndGlobal
